// !$*UTF8*$!
{
	archiveVersion = 1;
	classes = {
	};
	objectVersion = 46;
	objects = {

/* Begin PBXBuildFile section */
		D0FE2BF71D4AFDC800BB03B0 /* main.m in Sources */ = {isa = PBXBuildFile; fileRef = D0FE2BF61D4AFDC800BB03B0 /* main.m */; };
		D0FE2BFA1D4AFDC800BB03B0 /* AppDelegate.m in Sources */ = {isa = PBXBuildFile; fileRef = D0FE2BF91D4AFDC800BB03B0 /* AppDelegate.m */; };
		D0FE2BFD1D4AFDC800BB03B0 /* ViewController.m in Sources */ = {isa = PBXBuildFile; fileRef = D0FE2BFC1D4AFDC800BB03B0 /* ViewController.m */; };
		D0FE2C001D4AFDC800BB03B0 /* Main.storyboard in Resources */ = {isa = PBXBuildFile; fileRef = D0FE2BFE1D4AFDC800BB03B0 /* Main.storyboard */; };
		D0FE2C021D4AFDC800BB03B0 /* Assets.xcassets in Resources */ = {isa = PBXBuildFile; fileRef = D0FE2C011D4AFDC800BB03B0 /* Assets.xcassets */; };
		D0FE2C051D4AFDC800BB03B0 /* LaunchScreen.storyboard in Resources */ = {isa = PBXBuildFile; fileRef = D0FE2C031D4AFDC800BB03B0 /* LaunchScreen.storyboard */; };
		D0FE2C0E1D4AFE2400BB03B0 /* UIView+BackgroundColor.m in Sources */ = {isa = PBXBuildFile; fileRef = D0FE2C0D1D4AFE2400BB03B0 /* UIView+BackgroundColor.m */; };
/* End PBXBuildFile section */

/* Begin PBXFileReference section */
		D0FE2BF21D4AFDC800BB03B0 /* swizzlingDemo.app */ = {isa = PBXFileReference; explicitFileType = wrapper.application; includeInIndex = 0; path = swizzlingDemo.app; sourceTree = BUILT_PRODUCTS_DIR; };
		D0FE2BF61D4AFDC800BB03B0 /* main.m */ = {isa = PBXFileReference; lastKnownFileType = sourcecode.c.objc; path = main.m; sourceTree = "<group>"; };
		D0FE2BF81D4AFDC800BB03B0 /* AppDelegate.h */ = {isa = PBXFileReference; lastKnownFileType = sourcecode.c.h; path = AppDelegate.h; sourceTree = "<group>"; };
		D0FE2BF91D4AFDC800BB03B0 /* AppDelegate.m */ = {isa = PBXFileReference; lastKnownFileType = sourcecode.c.objc; path = AppDelegate.m; sourceTree = "<group>"; };
		D0FE2BFB1D4AFDC800BB03B0 /* ViewController.h */ = {isa = PBXFileReference; lastKnownFileType = sourcecode.c.h; path = ViewController.h; sourceTree = "<group>"; };
		D0FE2BFC1D4AFDC800BB03B0 /* ViewController.m */ = {isa = PBXFileReference; lastKnownFileType = sourcecode.c.objc; path = ViewController.m; sourceTree = "<group>"; };
		D0FE2BFF1D4AFDC800BB03B0 /* Base */ = {isa = PBXFileReference; lastKnownFileType = file.storyboard; name = Base; path = Base.lproj/Main.storyboard; sourceTree = "<group>"; };
		D0FE2C011D4AFDC800BB03B0 /* Assets.xcassets */ = {isa = PBXFileReference; lastKnownFileType = folder.assetcatalog; path = Assets.xcassets; sourceTree = "<group>"; };
		D0FE2C041D4AFDC800BB03B0 /* Base */ = {isa = PBXFileReference; lastKnownFileType = file.storyboard; name = Base; path = Base.lproj/LaunchScreen.storyboard; sourceTree = "<group>"; };
		D0FE2C061D4AFDC800BB03B0 /* Info.plist */ = {isa = PBXFileReference; lastKnownFileType = text.plist.xml; path = Info.plist; sourceTree = "<group>"; };
		D0FE2C0C1D4AFE2400BB03B0 /* UIView+BackgroundColor.h */ = {isa = PBXFileReference; fileEncoding = 4; lastKnownFileType = sourcecode.c.h; path = "UIView+BackgroundColor.h"; sourceTree = "<group>"; };
		D0FE2C0D1D4AFE2400BB03B0 /* UIView+BackgroundColor.m */ = {isa = PBXFileReference; fileEncoding = 4; lastKnownFileType = sourcecode.c.objc; path = "UIView+BackgroundColor.m"; sourceTree = "<group>"; };
/* End PBXFileReference section */

/* Begin PBXFrameworksBuildPhase section */
		D0FE2BEF1D4AFDC800BB03B0 /* Frameworks */ = {
			isa = PBXFrameworksBuildPhase;
			buildActionMask = 2147483647;
			files = (
			);
			runOnlyForDeploymentPostprocessing = 0;
		};
/* End PBXFrameworksBuildPhase section */

/* Begin PBXGroup section */
		D0FE2BE91D4AFDC800BB03B0 = {
			isa = PBXGroup;
			children = (
				D0FE2BF41D4AFDC800BB03B0 /* swizzlingDemo */,
				D0FE2BF31D4AFDC800BB03B0 /* Products */,
			);
			sourceTree = "<group>";
		};
		D0FE2BF31D4AFDC800BB03B0 /* Products */ = {
			isa = PBXGroup;
			children = (
				D0FE2BF21D4AFDC800BB03B0 /* swizzlingDemo.app */,
			);
			name = Products;
			sourceTree = "<group>";
		};
		D0FE2BF41D4AFDC800BB03B0 /* swizzlingDemo */ = {
			isa = PBXGroup;
			children = (
				D0FE2BF81D4AFDC800BB03B0 /* AppDelegate.h */,
				D0FE2BF91D4AFDC800BB03B0 /* AppDelegate.m */,
				D0FE2BFB1D4AFDC800BB03B0 /* ViewController.h */,
				D0FE2BFC1D4AFDC800BB03B0 /* ViewController.m */,
				D0FE2C0C1D4AFE2400BB03B0 /* UIView+BackgroundColor.h */,
				D0FE2C0D1D4AFE2400BB03B0 /* UIView+BackgroundColor.m */,
				D0FE2BFE1D4AFDC800BB03B0 /* Main.storyboard */,
				D0FE2C011D4AFDC800BB03B0 /* Assets.xcassets */,
				D0FE2C031D4AFDC800BB03B0 /* LaunchScreen.storyboard */,
				D0FE2C061D4AFDC800BB03B0 /* Info.plist */,
				D0FE2BF51D4AFDC800BB03B0 /* Supporting Files */,
			);
			path = swizzlingDemo;
			sourceTree = "<group>";
		};
		D0FE2BF51D4AFDC800BB03B0 /* Supporting Files */ = {
			isa = PBXGroup;
			children = (
				D0FE2BF61D4AFDC800BB03B0 /* main.m */,
			);
			name = "Supporting Files";
			sourceTree = "<group>";
		};
/* End PBXGroup section */

/* Begin PBXNativeTarget section */
		D0FE2BF11D4AFDC800BB03B0 /* swizzlingDemo */ = {
			isa = PBXNativeTarget;
			buildConfigurationList = D0FE2C091D4AFDC800BB03B0 /* Build configuration list for PBXNativeTarget "swizzlingDemo" */;
			buildPhases = (
				D0FE2BEE1D4AFDC800BB03B0 /* Sources */,
				D0FE2BEF1D4AFDC800BB03B0 /* Frameworks */,
				D0FE2BF01D4AFDC800BB03B0 /* Resources */,
			);
			buildRules = (
			);
			dependencies = (
			);
			name = swizzlingDemo;
			productName = swizzlingDemo;
			productReference = D0FE2BF21D4AFDC800BB03B0 /* swizzlingDemo.app */;
			productType = "com.apple.product-type.application";
		};
/* End PBXNativeTarget section */

/* Begin PBXProject section */
		D0FE2BEA1D4AFDC800BB03B0 /* Project object */ = {
			isa = PBXProject;
			attributes = {
				LastUpgradeCheck = 0730;
				ORGANIZATIONNAME = "陈博文";
				TargetAttributes = {
					D0FE2BF11D4AFDC800BB03B0 = {
						CreatedOnToolsVersion = 7.3;
					};
				};
			};
			buildConfigurationList = D0FE2BED1D4AFDC800BB03B0 /* Build configuration list for PBXProject "swizzlingDemo" */;
			compatibilityVersion = "Xcode 3.2";
			developmentRegion = English;
			hasScannedForEncodings = 0;
			knownRegions = (
				en,
				Base,
			);
			mainGroup = D0FE2BE91D4AFDC800BB03B0;
			productRefGroup = D0FE2BF31D4AFDC800BB03B0 /* Products */;
			projectDirPath = "";
			projectRoot = "";
			targets = (
				D0FE2BF11D4AFDC800BB03B0 /* swizzlingDemo */,
			);
		};
/* End PBXProject section */

/* Begin PBXResourcesBuildPhase section */
		D0FE2BF01D4AFDC800BB03B0 /* Resources */ = {
			isa = PBXResourcesBuildPhase;
			buildActionMask = 2147483647;
			files = (
				D0FE2C051D4AFDC800BB03B0 /* LaunchScreen.storyboard in Resources */,
				D0FE2C021D4AFDC800BB03B0 /* Assets.xcassets in Resources */,
				D0FE2C001D4AFDC800BB03B0 /* Main.storyboard in Resources */,
			);
			runOnlyForDeploymentPostprocessing = 0;
		};
/* End PBXResourcesBuildPhase section */

/* Begin PBXSourcesBuildPhase section */
		D0FE2BEE1D4AFDC800BB03B0 /* Sources */ = {
			isa = PBXSourcesBuildPhase;
			buildActionMask = 2147483647;
			files = (
				D0FE2BFD1D4AFDC800BB03B0 /* ViewController.m in Sources */,
				D0FE2BFA1D4AFDC800BB03B0 /* AppDelegate.m in Sources */,
				D0FE2C0E1D4AFE2400BB03B0 /* UIView+BackgroundColor.m in Sources */,
				D0FE2BF71D4AFDC800BB03B0 /* main.m in Sources */,
			);
			runOnlyForDeploymentPostprocessing = 0;
		};
/* End PBXSourcesBuildPhase section */

/* Begin PBXVariantGroup section */
		D0FE2BFE1D4AFDC800BB03B0 /* Main.storyboard */ = {
			isa = PBXVariantGroup;
			children = (
				D0FE2BFF1D4AFDC800BB03B0 /* Base */,
			);
			name = Main.storyboard;
			sourceTree = "<group>";
		};
		D0FE2C031D4AFDC800BB03B0 /* LaunchScreen.storyboard */ = {
			isa = PBXVariantGroup;
			children = (
				D0FE2C041D4AFDC800BB03B0 /* Base */,
			);
			name = LaunchScreen.storyboard;
			sourceTree = "<group>";
		};
/* End PBXVariantGroup section */

/* Begin XCBuildConfiguration section */
		D0FE2C071D4AFDC800BB03B0 /* Debug */ = {
			isa = XCBuildConfiguration;
			buildSettings = {
				ALWAYS_SEARCH_USER_PATHS = NO;
				CLANG_ANALYZER_NONNULL = YES;
				CLANG_CXX_LANGUAGE_STANDARD = "gnu++0x";
				CLANG_CXX_LIBRARY = "libc++";
				CLANG_ENABLE_MODULES = YES;
				CLANG_ENABLE_OBJC_ARC = YES;
				CLANG_WARN_BOOL_CONVERSION = YES;
				CLANG_WARN_CONSTANT_CONVERSION = YES;
				CLANG_WARN_DIRECT_OBJC_ISA_USAGE = YES_ERROR;
				CLANG_WARN_EMPTY_BODY = YES;
				CLANG_WARN_ENUM_CONVERSION = YES;
				CLANG_WARN_INT_CONVERSION = YES;
				CLANG_WARN_OBJC_ROOT_CLASS = YES_ERROR;
				CLANG_WARN_UNREACHABLE_CODE = YES;
				CLANG_WARN__DUPLICATE_METHOD_MATCH = YES;
				"CODE_SIGN_IDENTITY[sdk=iphoneos*]" = "iPhone Developer";
				COPY_PHASE_STRIP = NO;
				DEBUG_INFORMATION_FORMAT = dwarf;
				ENABLE_STRICT_OBJC_MSGSEND = YES;
				ENABLE_TESTABILITY = YES;
				GCC_C_LANGUAGE_STANDARD = gnu99;
				GCC_DYNAMIC_NO_PIC = NO;
				GCC_NO_COMMON_BLOCKS = YES;
				GCC_OPTIMIZATION_LEVEL = 0;
				GCC_PREPROCESSOR_DEFINITIONS = (
					"DEBUG=1",
					"$(inherited)",
				);
				GCC_WARN_64_TO_32_BIT_CONVERSION = YES;
				GCC_WARN_ABOUT_RETURN_TYPE = YES_ERROR;
				GCC_WARN_UNDECLARED_SELECTOR = YES;
				GCC_WARN_UNINITIALIZED_AUTOS = YES_AGGRESSIVE;
				GCC_WARN_UNUSED_FUNCTION = YES;
				GCC_WARN_UNUSED_VARIABLE = YES;
				IPHONEOS_DEPLOYMENT_TARGET = 9.3;
				MTL_ENABLE_DEBUG_INFO = YES;
				ONLY_ACTIVE_ARCH = YES;
				SDKROOT = iphoneos;
				TARGETED_DEVICE_FAMILY = "1,2";
			};
			name = Debug;
		};
		D0FE2C081D4AFDC800BB03B0 /* Release */ = {
			isa = XCBuildConfiguration;
			buildSettings = {
				ALWAYS_SEARCH_USER_PATHS = NO;
				CLANG_ANALYZER_NONNULL = YES;
				CLANG_CXX_LANGUAGE_STANDARD = "gnu++0x";
				CLANG_CXX_LIBRARY = "libc++";
				CLANG_ENABLE_MODULES = YES;
				CLANG_ENABLE_OBJC_ARC = YES;
				CLANG_WARN_BOOL_CONVERSION = YES;
				CLANG_WARN_CONSTANT_CONVERSION = YES;
				CLANG_WARN_DIRECT_OBJC_ISA_USAGE = YES_ERROR;
				CLANG_WARN_EMPTY_BODY = YES;
				CLANG_WARN_ENUM_CONVERSION = YES;
				CLANG_WARN_INT_CONVERSION = YES;
				CLANG_WARN_OBJC_ROOT_CLASS = YES_ERROR;
				CLANG_WARN_UNREACHABLE_CODE = YES;
				CLANG_WARN__DUPLICATE_METHOD_MATCH = YES;
				"CODE_SIGN_IDENTITY[sdk=iphoneos*]" = "iPhone Developer";
				COPY_PHASE_STRIP = NO;
				DEBUG_INFORMATION_FORMAT = "dwarf-with-dsym";
				ENABLE_NS_ASSERTIONS = NO;
				ENABLE_STRICT_OBJC_MSGSEND = YES;
				GCC_C_LANGUAGE_STANDARD = gnu99;
				GCC_NO_COMMON_BLOCKS = YES;
				GCC_WARN_64_TO_32_BIT_CONVERSION = YES;
				GCC_WARN_ABOUT_RETURN_TYPE = YES_ERROR;
				GCC_WARN_UNDECLARED_SELECTOR = YES;
				GCC_WARN_UNINITIALIZED_AUTOS = YES_AGGRESSIVE;
				GCC_WARN_UNUSED_FUNCTION = YES;
				GCC_WARN_UNUSED_VARIABLE = YES;
				IPHONEOS_DEPLOYMENT_TARGET = 9.3;
				MTL_ENABLE_DEBUG_INFO = NO;
				SDKROOT = iphoneos;
				TARGETED_DEVICE_FAMILY = "1,2";
				VALIDATE_PRODUCT = YES;
			};
			name = Release;
		};
		D0FE2C0A1D4AFDC800BB03B0 /* Debug */ = {
			isa = XCBuildConfiguration;
			buildSettings = {
				ASSETCATALOG_COMPILER_APPICON_NAME = AppIcon;
				INFOPLIST_FILE = swizzlingDemo/Info.plist;
				LD_RUNPATH_SEARCH_PATHS = "$(inherited) @executable_path/Frameworks";
				PRODUCT_BUNDLE_IDENTIFIER = com.cbw.swizzlingDemo;
				PRODUCT_NAME = "$(TARGET_NAME)";
			};
			name = Debug;
		};
		D0FE2C0B1D4AFDC800BB03B0 /* Release */ = {
			isa = XCBuildConfiguration;
			buildSettings = {
				ASSETCATALOG_COMPILER_APPICON_NAME = AppIcon;
				INFOPLIST_FILE = swizzlingDemo/Info.plist;
				LD_RUNPATH_SEARCH_PATHS = "$(inherited) @executable_path/Frameworks";
				PRODUCT_BUNDLE_IDENTIFIER = com.cbw.swizzlingDemo;
				PRODUCT_NAME = "$(TARGET_NAME)";
			};
			name = Release;
		};
/* End XCBuildConfiguration section */

/* Begin XCConfigurationList section */
		D0FE2BED1D4AFDC800BB03B0 /* Build configuration list for PBXProject "swizzlingDemo" */ = {
			isa = XCConfigurationList;
			buildConfigurations = (
				D0FE2C071D4AFDC800BB03B0 /* Debug */,
				D0FE2C081D4AFDC800BB03B0 /* Release */,
			);
			defaultConfigurationIsVisible = 0;
			defaultConfigurationName = Release;
		};
		D0FE2C091D4AFDC800BB03B0 /* Build configuration list for PBXNativeTarget "swizzlingDemo" */ = {
			isa = XCConfigurationList;
			buildConfigurations = (
				D0FE2C0A1D4AFDC800BB03B0 /* Debug */,
				D0FE2C0B1D4AFDC800BB03B0 /* Release */,
			);
			defaultConfigurationIsVisible = 0;
		};
/* End XCConfigurationList section */
	};
	rootObject = D0FE2BEA1D4AFDC800BB03B0 /* Project object */;
}
